
Microsoft Visual Studio Solution File, Format Version 12.00
# Visual Studio Version 16
VisualStudioVersion = 16.0.31205.134
MinimumVisualStudioVersion = 10.0.40219.1
Project("{FAE04EC0-301F-11D3-BF4B-00C04F79EFBC}") = "Jellyfin Music.UWP", "Jellyfin Music.UWP\Jellyfin Music.UWP.csproj", "{971E31BB-C5F4-40AC-B2CC-290B834CE902}"
EndProject
Project("{FAE04EC0-301F-11D3-BF4B-00C04F79EFBC}") = "Jellyfin Music.Android", "Jellyfin Music.Android\Jellyfin Music.Android.csproj", "{59298980-2388-410E-A03D-411AA7FADDCC}"
EndProject
Project("{FAE04EC0-301F-11D3-BF4B-00C04F79EFBC}") = "Jellyfin Music.iOS", "Jellyfin Music.iOS\Jellyfin Music.iOS.csproj", "{7D194C44-579A-4140-A7FD-BC0BB13658AF}"
EndProject
Project("{FAE04EC0-301F-11D3-BF4B-00C04F79EFBC}") = "Jellyfin Music", "Jellyfin Music\Jellyfin Music.csproj", "{963EBDBC-57AA-44B5-A3C4-1245291CC6AF}"
EndProject
Global
	GlobalSection(SolutionConfigurationPlatforms) = preSolution
		Debug|Any CPU = Debug|Any CPU
		Debug|ARM = Debug|ARM
		Debug|iPhone = Debug|iPhone
		Debug|iPhoneSimulator = Debug|iPhoneSimulator
		Debug|x64 = Debug|x64
		Debug|x86 = Debug|x86
		Release|Any CPU = Release|Any CPU
		Release|ARM = Release|ARM
		Release|iPhone = Release|iPhone
		Release|iPhoneSimulator = Release|iPhoneSimulator
		Release|x64 = Release|x64
		Release|x86 = Release|x86
	EndGlobalSection
	GlobalSection(ProjectConfigurationPlatforms) = postSolution
		{971E31BB-C5F4-40AC-B2CC-290B834CE902}.Debug|Any CPU.ActiveCfg = Debug|x86
		{971E31BB-C5F4-40AC-B2CC-290B834CE902}.Debug|Any CPU.Build.0 = Debug|x86
		{971E31BB-C5F4-40AC-B2CC-290B834CE902}.Debug|Any CPU.Deploy.0 = Debug|x86
		{971E31BB-C5F4-40AC-B2CC-290B834CE902}.Debug|ARM.ActiveCfg = Debug|ARM
		{971E31BB-C5F4-40AC-B2CC-290B834CE902}.Debug|ARM.Build.0 = Debug|ARM
		{971E31BB-C5F4-40AC-B2CC-290B834CE902}.Debug|ARM.Deploy.0 = Debug|ARM
		{971E31BB-C5F4-40AC-B2CC-290B834CE902}.Debug|iPhone.ActiveCfg = Debug|x86
		{971E31BB-C5F4-40AC-B2CC-290B834CE902}.Debug|iPhone.Build.0 = Debug|x86
		{971E31BB-C5F4-40AC-B2CC-290B834CE902}.Debug|iPhone.Deploy.0 = Debug|x86
		{971E31BB-C5F4-40AC-B2CC-290B834CE902}.Debug|iPhoneSimulator.ActiveCfg = Debug|x86
		{971E31BB-C5F4-40AC-B2CC-290B834CE902}.Debug|iPhoneSimulator.Build.0 = Debug|x86
		{971E31BB-C5F4-40AC-B2CC-290B834CE902}.Debug|iPhoneSimulator.Deploy.0 = Debug|x86
		{971E31BB-C5F4-40AC-B2CC-290B834CE902}.Debug|x64.ActiveCfg = Debug|x64
		{971E31BB-C5F4-40AC-B2CC-290B834CE902}.Debug|x64.Build.0 = Debug|x64
		{971E31BB-C5F4-40AC-B2CC-290B834CE902}.Debug|x64.Deploy.0 = Debug|x64
		{971E31BB-C5F4-40AC-B2CC-290B834CE902}.Debug|x86.ActiveCfg = Debug|x86
		{971E31BB-C5F4-40AC-B2CC-290B834CE902}.Debug|x86.Build.0 = Debug|x86
		{971E31BB-C5F4-40AC-B2CC-290B834CE902}.Debug|x86.Deploy.0 = Debug|x86
		{971E31BB-C5F4-40AC-B2CC-290B834CE902}.Release|Any CPU.ActiveCfg = Release|x86
		{971E31BB-C5F4-40AC-B2CC-290B834CE902}.Release|Any CPU.Build.0 = Release|x86
		{971E31BB-C5F4-40AC-B2CC-290B834CE902}.Release|Any CPU.Deploy.0 = Release|x86
		{971E31BB-C5F4-40AC-B2CC-290B834CE902}.Release|ARM.ActiveCfg = Release|ARM
		{971E31BB-C5F4-40AC-B2CC-290B834CE902}.Release|ARM.Build.0 = Release|ARM
		{971E31BB-C5F4-40AC-B2CC-290B834CE902}.Release|ARM.Deploy.0 = Release|ARM
		{971E31BB-C5F4-40AC-B2CC-290B834CE902}.Release|iPhone.ActiveCfg = Release|x86
		{971E31BB-C5F4-40AC-B2CC-290B834CE902}.Release|iPhone.Build.0 = Release|x86
		{971E31BB-C5F4-40AC-B2CC-290B834CE902}.Release|iPhone.Deploy.0 = Release|x86
		{971E31BB-C5F4-40AC-B2CC-290B834CE902}.Release|iPhoneSimulator.ActiveCfg = Release|x86
		{971E31BB-C5F4-40AC-B2CC-290B834CE902}.Release|iPhoneSimulator.Build.0 = Release|x86
		{971E31BB-C5F4-40AC-B2CC-290B834CE902}.Release|iPhoneSimulator.Deploy.0 = Release|x86
		{971E31BB-C5F4-40AC-B2CC-290B834CE902}.Release|x64.ActiveCfg = Release|x64
		{971E31BB-C5F4-40AC-B2CC-290B834CE902}.Release|x64.Build.0 = Release|x64
		{971E31BB-C5F4-40AC-B2CC-290B834CE902}.Release|x64.Deploy.0 = Release|x64
		{971E31BB-C5F4-40AC-B2CC-290B834CE902}.Release|x86.ActiveCfg = Release|x86
		{971E31BB-C5F4-40AC-B2CC-290B834CE902}.Release|x86.Build.0 = Release|x86
		{971E31BB-C5F4-40AC-B2CC-290B834CE902}.Release|x86.Deploy.0 = Release|x86
		{59298980-2388-410E-A03D-411AA7FADDCC}.Debug|Any CPU.ActiveCfg = Debug|Any CPU
		{59298980-2388-410E-A03D-411AA7FADDCC}.Debug|Any CPU.Build.0 = Debug|Any CPU
		{59298980-2388-410E-A03D-411AA7FADDCC}.Debug|Any CPU.Deploy.0 = Debug|Any CPU
		{59298980-2388-410E-A03D-411AA7FADDCC}.Debug|ARM.ActiveCfg = Debug|Any CPU
		{59298980-2388-410E-A03D-411AA7FADDCC}.Debug|ARM.Build.0 = Debug|Any CPU
		{59298980-2388-410E-A03D-411AA7FADDCC}.Debug|ARM.Deploy.0 = Debug|Any CPU
		{59298980-2388-410E-A03D-411AA7FADDCC}.Debug|iPhone.ActiveCfg = Debug|Any CPU
		{59298980-2388-410E-A03D-411AA7FADDCC}.Debug|iPhone.Build.0 = Debug|Any CPU
		{59298980-2388-410E-A03D-411AA7FADDCC}.Debug|iPhone.Deploy.0 = Debug|Any CPU
		{59298980-2388-410E-A03D-411AA7FADDCC}.Debug|iPhoneSimulator.ActiveCfg = Debug|Any CPU
		{59298980-2388-410E-A03D-411AA7FADDCC}.Debug|iPhoneSimulator.Build.0 = Debug|Any CPU
		{59298980-2388-410E-A03D-411AA7FADDCC}.Debug|iPhoneSimulator.Deploy.0 = Debug|Any CPU
		{59298980-2388-410E-A03D-411AA7FADDCC}.Debug|x64.ActiveCfg = Debug|Any CPU
		{59298980-2388-410E-A03D-411AA7FADDCC}.Debug|x64.Build.0 = Debug|Any CPU
		{59298980-2388-410E-A03D-411AA7FADDCC}.Debug|x64.Deploy.0 = Debug|Any CPU
		{59298980-2388-410E-A03D-411AA7FADDCC}.Debug|x86.ActiveCfg = Debug|Any CPU
		{59298980-2388-410E-A03D-411AA7FADDCC}.Debug|x86.Build.0 = Debug|Any CPU
		{59298980-2388-410E-A03D-411AA7FADDCC}.Debug|x86.Deploy.0 = Debug|Any CPU
		{59298980-2388-410E-A03D-411AA7FADDCC}.Release|Any CPU.ActiveCfg = Release|Any CPU
		{59298980-2388-410E-A03D-411AA7FADDCC}.Release|Any CPU.Build.0 = Release|Any CPU
		{59298980-2388-410E-A03D-411AA7FADDCC}.Release|Any CPU.Deploy.0 = Release|Any CPU
		{59298980-2388-410E-A03D-411AA7FADDCC}.Release|ARM.ActiveCfg = Release|Any CPU
		{59298980-2388-410E-A03D-411AA7FADDCC}.Release|ARM.Build.0 = Release|Any CPU
		{59298980-2388-410E-A03D-411AA7FADDCC}.Release|ARM.Deploy.0 = Release|Any CPU
		{59298980-2388-410E-A03D-411AA7FADDCC}.Release|iPhone.ActiveCfg = Release|Any CPU
		{59298980-2388-410E-A03D-411AA7FADDCC}.Release|iPhone.Build.0 = Release|Any CPU
		{59298980-2388-410E-A03D-411AA7FADDCC}.Release|iPhone.Deploy.0 = Release|Any CPU
		{59298980-2388-410E-A03D-411AA7FADDCC}.Release|iPhoneSimulator.ActiveCfg = Release|Any CPU
		{59298980-2388-410E-A03D-411AA7FADDCC}.Release|iPhoneSimulator.Build.0 = Release|Any CPU
		{59298980-2388-410E-A03D-411AA7FADDCC}.Release|iPhoneSimulator.Deploy.0 = Release|Any CPU
		{59298980-2388-410E-A03D-411AA7FADDCC}.Release|x64.ActiveCfg = Release|Any CPU
		{59298980-2388-410E-A03D-411AA7FADDCC}.Release|x64.Build.0 = Release|Any CPU
		{59298980-2388-410E-A03D-411AA7FADDCC}.Release|x64.Deploy.0 = Release|Any CPU
		{59298980-2388-410E-A03D-411AA7FADDCC}.Release|x86.ActiveCfg = Release|Any CPU
		{59298980-2388-410E-A03D-411AA7FADDCC}.Release|x86.Build.0 = Release|Any CPU
		{59298980-2388-410E-A03D-411AA7FADDCC}.Release|x86.Deploy.0 = Release|Any CPU
		{7D194C44-579A-4140-A7FD-BC0BB13658AF}.Debug|Any CPU.ActiveCfg = Debug|iPhoneSimulator
		{7D194C44-579A-4140-A7FD-BC0BB13658AF}.Debug|Any CPU.Build.0 = Debug|iPhoneSimulator
		{7D194C44-579A-4140-A7FD-BC0BB13658AF}.Debug|Any CPU.Deploy.0 = Debug|iPhoneSimulator
		{7D194C44-579A-4140-A7FD-BC0BB13658AF}.Debug|ARM.ActiveCfg = Debug|iPhone
		{7D194C44-579A-4140-A7FD-BC0BB13658AF}.Debug|ARM.Build.0 = Debug|iPhone
		{7D194C44-579A-4140-A7FD-BC0BB13658AF}.Debug|ARM.Deploy.0 = Debug|iPhone
		{7D194C44-579A-4140-A7FD-BC0BB13658AF}.Debug|iPhone.ActiveCfg = Debug|iPhone
		{7D194C44-579A-4140-A7FD-BC0BB13658AF}.Debug|iPhone.Build.0 = Debug|iPhone
		{7D194C44-579A-4140-A7FD-BC0BB13658AF}.Debug|iPhone.Deploy.0 = Debug|iPhone
		{7D194C44-579A-4140-A7FD-BC0BB13658AF}.Debug|iPhoneSimulator.ActiveCfg = Debug|iPhoneSimulator
		{7D194C44-579A-4140-A7FD-BC0BB13658AF}.Debug|iPhoneSimulator.Build.0 = Debug|iPhoneSimulator
		{7D194C44-579A-4140-A7FD-BC0BB13658AF}.Debug|iPhoneSimulator.Deploy.0 = Debug|iPhoneSimulator
		{7D194C44-579A-4140-A7FD-BC0BB13658AF}.Debug|x64.ActiveCfg = Debug|iPhoneSimulator
		{7D194C44-579A-4140-A7FD-BC0BB13658AF}.Debug|x64.Build.0 = Debug|iPhoneSimulator
		{7D194C44-579A-4140-A7FD-BC0BB13658AF}.Debug|x64.Deploy.0 = Debug|iPhoneSimulator
		{7D194C44-579A-4140-A7FD-BC0BB13658AF}.Debug|x86.ActiveCfg = Debug|iPhoneSimulator
		{7D194C44-579A-4140-A7FD-BC0BB13658AF}.Debug|x86.Build.0 = Debug|iPhoneSimulator
		{7D194C44-579A-4140-A7FD-BC0BB13658AF}.Debug|x86.Deploy.0 = Debug|iPhoneSimulator
		{7D194C44-579A-4140-A7FD-BC0BB13658AF}.Release|Any CPU.ActiveCfg = Release|iPhoneSimulator
		{7D194C44-579A-4140-A7FD-BC0BB13658AF}.Release|Any CPU.Build.0 = Release|iPhoneSimulator
		{7D194C44-579A-4140-A7FD-BC0BB13658AF}.Release|Any CPU.Deploy.0 = Release|iPhoneSimulator
		{7D194C44-579A-4140-A7FD-BC0BB13658AF}.Release|ARM.ActiveCfg = Release|iPhoneSimulator
		{7D194C44-579A-4140-A7FD-BC0BB13658AF}.Release|ARM.Build.0 = Release|iPhoneSimulator
		{7D194C44-579A-4140-A7FD-BC0BB13658AF}.Release|ARM.Deploy.0 = Release|iPhoneSimulator
		{7D194C44-579A-4140-A7FD-BC0BB13658AF}.Release|iPhone.ActiveCfg = Release|iPhone
		{7D194C44-579A-4140-A7FD-BC0BB13658AF}.Release|iPhone.Build.0 = Release|iPhone
		{7D194C44-579A-4140-A7FD-BC0BB13658AF}.Release|iPhone.Deploy.0 = Release|iPhone
		{7D194C44-579A-4140-A7FD-BC0BB13658AF}.Release|iPhoneSimulator.ActiveCfg = Release|iPhoneSimulator
		{7D194C44-579A-4140-A7FD-BC0BB13658AF}.Release|iPhoneSimulator.Build.0 = Release|iPhoneSimulator
		{7D194C44-579A-4140-A7FD-BC0BB13658AF}.Release|iPhoneSimulator.Deploy.0 = Release|iPhoneSimulator
		{7D194C44-579A-4140-A7FD-BC0BB13658AF}.Release|x64.ActiveCfg = Release|iPhoneSimulator
		{7D194C44-579A-4140-A7FD-BC0BB13658AF}.Release|x64.Build.0 = Release|iPhoneSimulator
		{7D194C44-579A-4140-A7FD-BC0BB13658AF}.Release|x64.Deploy.0 = Release|iPhoneSimulator
		{7D194C44-579A-4140-A7FD-BC0BB13658AF}.Release|x86.ActiveCfg = Release|iPhoneSimulator
		{7D194C44-579A-4140-A7FD-BC0BB13658AF}.Release|x86.Build.0 = Release|iPhoneSimulator
		{7D194C44-579A-4140-A7FD-BC0BB13658AF}.Release|x86.Deploy.0 = Release|iPhoneSimulator
		{963EBDBC-57AA-44B5-A3C4-1245291CC6AF}.Debug|Any CPU.ActiveCfg = Debug|Any CPU
		{963EBDBC-57AA-44B5-A3C4-1245291CC6AF}.Debug|Any CPU.Build.0 = Debug|Any CPU
		{963EBDBC-57AA-44B5-A3C4-1245291CC6AF}.Debug|Any CPU.Deploy.0 = Debug|Any CPU
		{963EBDBC-57AA-44B5-A3C4-1245291CC6AF}.Debug|ARM.ActiveCfg = Debug|Any CPU
		{963EBDBC-57AA-44B5-A3C4-1245291CC6AF}.Debug|ARM.Build.0 = Debug|Any CPU
		{963EBDBC-57AA-44B5-A3C4-1245291CC6AF}.Debug|ARM.Deploy.0 = Debug|Any CPU
		{963EBDBC-57AA-44B5-A3C4-1245291CC6AF}.Debug|iPhone.ActiveCfg = Debug|Any CPU
		{963EBDBC-57AA-44B5-A3C4-1245291CC6AF}.Debug|iPhone.Build.0 = Debug|Any CPU
		{963EBDBC-57AA-44B5-A3C4-1245291CC6AF}.Debug|iPhone.Deploy.0 = Debug|Any CPU
		{963EBDBC-57AA-44B5-A3C4-1245291CC6AF}.Debug|iPhoneSimulator.ActiveCfg = Debug|Any CPU
		{963EBDBC-57AA-44B5-A3C4-1245291CC6AF}.Debug|iPhoneSimulator.Build.0 = Debug|Any CPU
		{963EBDBC-57AA-44B5-A3C4-1245291CC6AF}.Debug|iPhoneSimulator.Deploy.0 = Debug|Any CPU
		{963EBDBC-57AA-44B5-A3C4-1245291CC6AF}.Debug|x64.ActiveCfg = Debug|Any CPU
		{963EBDBC-57AA-44B5-A3C4-1245291CC6AF}.Debug|x64.Build.0 = Debug|Any CPU
		{963EBDBC-57AA-44B5-A3C4-1245291CC6AF}.Debug|x64.Deploy.0 = Debug|Any CPU
		{963EBDBC-57AA-44B5-A3C4-1245291CC6AF}.Debug|x86.ActiveCfg = Debug|Any CPU
		{963EBDBC-57AA-44B5-A3C4-1245291CC6AF}.Debug|x86.Build.0 = Debug|Any CPU
		{963EBDBC-57AA-44B5-A3C4-1245291CC6AF}.Debug|x86.Deploy.0 = Debug|Any CPU
		{963EBDBC-57AA-44B5-A3C4-1245291CC6AF}.Release|Any CPU.ActiveCfg = Release|Any CPU
		{963EBDBC-57AA-44B5-A3C4-1245291CC6AF}.Release|Any CPU.Build.0 = Release|Any CPU
		{963EBDBC-57AA-44B5-A3C4-1245291CC6AF}.Release|Any CPU.Deploy.0 = Release|Any CPU
		{963EBDBC-57AA-44B5-A3C4-1245291CC6AF}.Release|ARM.ActiveCfg = Release|Any CPU
		{963EBDBC-57AA-44B5-A3C4-1245291CC6AF}.Release|ARM.Build.0 = Release|Any CPU
		{963EBDBC-57AA-44B5-A3C4-1245291CC6AF}.Release|ARM.Deploy.0 = Release|Any CPU
		{963EBDBC-57AA-44B5-A3C4-1245291CC6AF}.Release|iPhone.ActiveCfg = Release|Any CPU
		{963EBDBC-57AA-44B5-A3C4-1245291CC6AF}.Release|iPhone.Build.0 = Release|Any CPU
		{963EBDBC-57AA-44B5-A3C4-1245291CC6AF}.Release|iPhone.Deploy.0 = Release|Any CPU
		{963EBDBC-57AA-44B5-A3C4-1245291CC6AF}.Release|iPhoneSimulator.ActiveCfg = Release|Any CPU
		{963EBDBC-57AA-44B5-A3C4-1245291CC6AF}.Release|iPhoneSimulator.Build.0 = Release|Any CPU
		{963EBDBC-57AA-44B5-A3C4-1245291CC6AF}.Release|iPhoneSimulator.Deploy.0 = Release|Any CPU
		{963EBDBC-57AA-44B5-A3C4-1245291CC6AF}.Release|x64.ActiveCfg = Release|Any CPU
		{963EBDBC-57AA-44B5-A3C4-1245291CC6AF}.Release|x64.Build.0 = Release|Any CPU
		{963EBDBC-57AA-44B5-A3C4-1245291CC6AF}.Release|x64.Deploy.0 = Release|Any CPU
		{963EBDBC-57AA-44B5-A3C4-1245291CC6AF}.Release|x86.ActiveCfg = Release|Any CPU
		{963EBDBC-57AA-44B5-A3C4-1245291CC6AF}.Release|x86.Build.0 = Release|Any CPU
		{963EBDBC-57AA-44B5-A3C4-1245291CC6AF}.Release|x86.Deploy.0 = Release|Any CPU
	EndGlobalSection
	GlobalSection(SolutionProperties) = preSolution
		HideSolutionNode = FALSE
	EndGlobalSection
	GlobalSection(ExtensibilityGlobals) = postSolution
		SolutionGuid = {741CA3BA-3F17-4877-84A8-F5CF3FCBBBF1}
	EndGlobalSection
EndGlobal
